{
  "lockfile_version": "1",
  "packages": {
    "github:NixOS/nixpkgs/nixpkgs-unstable": {
      "last_modified": "2025-06-13T00:58:23Z",
      "resolved": "github:NixOS/nixpkgs/6e7721e37bf00fa7ea44ac3cfc9d2411284ec3ef?lastModified=1749776303&narHash=sha256-OHibOvVwKqO1qvRg0r3agtd1EagW4THBcoWT7QGgcNo%3D"
    },
    "python313": {
      "plugin_version": "0.0.4",
      "resolved": "github:NixOS/nixpkgs/6e7721e37bf00fa7ea44ac3cfc9d2411284ec3ef?narHash=sha256-OHibOvVwKqO1qvRg0r3agtd1EagW4THBcoWT7QGgcNo%3D#python313",
      "source": "nixpkg"
    },
    "rye": {
      "resolved": "github:NixOS/nixpkgs/6e7721e37bf00fa7ea44ac3cfc9d2411284ec3ef?narHash=sha256-OHibOvVwKqO1qvRg0r3agtd1EagW4THBcoWT7QGgcNo%3D#rye",
      "source": "nixpkg"
    }
  }
}
